
Microsoft Visual Studio Solution File, Format Version 12.00
# Visual Studio Version 17
VisualStudioVersion = 17.14.36212.18 d17.14
MinimumVisualStudioVersion = 10.0.40219.1
Project("{FAE04EC0-301F-11D3-BF4B-00C04F79EFBC}") = "PracticeWebApi", "PracticeWebApi\PracticeWebApi.csproj", "{CF94A99B-FD8B-4A9E-AE4E-70080B7E6432}"
EndProject
Global
	GlobalSection(SolutionConfigurationPlatforms) = preSolution
		Debug|Any CPU = Debug|Any CPU
		Release|Any CPU = Release|Any CPU
	EndGlobalSection
	GlobalSection(ProjectConfigurationPlatforms) = postSolution
		{CF94A99B-FD8B-4A9E-AE4E-70080B7E6432}.Debug|Any CPU.ActiveCfg = Debug|Any CPU
		{CF94A99B-FD8B-4A9E-AE4E-70080B7E6432}.Debug|Any CPU.Build.0 = Debug|Any CPU
		{CF94A99B-FD8B-4A9E-AE4E-70080B7E6432}.Release|Any CPU.ActiveCfg = Release|Any CPU
		{CF94A99B-FD8B-4A9E-AE4E-70080B7E6432}.Release|Any CPU.Build.0 = Release|Any CPU
	EndGlobalSection
	GlobalSection(SolutionProperties) = preSolution
		HideSolutionNode = FALSE
	EndGlobalSection
	GlobalSection(ExtensibilityGlobals) = postSolution
		SolutionGuid = {E004942C-98E5-477D-A2A8-CFE1C650010B}
	EndGlobalSection
EndGlobal
